
Microsoft Visual Studio Solution File, Format Version 12.00
# Visual Studio Version 17
VisualStudioVersion = 17.11.35222.181
MinimumVisualStudioVersion = 10.0.40219.1
Project("{FAE04EC0-301F-11D3-BF4B-00C04F79EFBC}") = "FactorialNumber", "FactorialNumber\FactorialNumber.csproj", "{7135C0DD-A6E7-46B9-9C53-DF178A956E71}"
EndProject
Global
	GlobalSection(SolutionConfigurationPlatforms) = preSolution
		Debug|Any CPU = Debug|Any CPU
		Release|Any CPU = Release|Any CPU
	EndGlobalSection
	GlobalSection(ProjectConfigurationPlatforms) = postSolution
		{7135C0DD-A6E7-46B9-9C53-DF178A956E71}.Debug|Any CPU.ActiveCfg = Debug|Any CPU
		{7135C0DD-A6E7-46B9-9C53-DF178A956E71}.Debug|Any CPU.Build.0 = Debug|Any CPU
		{7135C0DD-A6E7-46B9-9C53-DF178A956E71}.Release|Any CPU.ActiveCfg = Release|Any CPU
		{7135C0DD-A6E7-46B9-9C53-DF178A956E71}.Release|Any CPU.Build.0 = Release|Any CPU
	EndGlobalSection
	GlobalSection(SolutionProperties) = preSolution
		HideSolutionNode = FALSE
	EndGlobalSection
	GlobalSection(ExtensibilityGlobals) = postSolution
		SolutionGuid = {8F502FD9-3667-413B-BAA8-89EC84C8C15E}
	EndGlobalSection
EndGlobal
